
Microsoft Visual Studio Solution File, Format Version 12.00
Project("{FAE04EC0-301F-11D3-BF4B-00C04F79EFBC}") = "IEnumerableInterface", "IEnumerableInterface\IEnumerableInterface.csproj", "{D10F3FE4-866E-4084-8EA6-20D9310A6EEE}"
EndProject
Project("{FAE04EC0-301F-11D3-BF4B-00C04F79EFBC}") = "IEnumerableInterfaceMyInterpretation", "IEnumerableInterfaceMyInterpretation\IEnumerableInterfaceMyInterpretation.csproj", "{0A5FCC04-BCA5-4103-98FE-73813DED9799}"
EndProject
Project("{FAE04EC0-301F-11D3-BF4B-00C04F79EFBC}") = "IEnumerableYeld", "IEnumerableYeld\IEnumerableYeld.csproj", "{276A9679-BB69-4CA2-9D77-743600949FE1}"
EndProject
Global
	GlobalSection(SolutionConfigurationPlatforms) = preSolution
		Debug|Any CPU = Debug|Any CPU
		Release|Any CPU = Release|Any CPU
	EndGlobalSection
	GlobalSection(ProjectConfigurationPlatforms) = postSolution
		{D10F3FE4-866E-4084-8EA6-20D9310A6EEE}.Debug|Any CPU.ActiveCfg = Debug|Any CPU
		{D10F3FE4-866E-4084-8EA6-20D9310A6EEE}.Debug|Any CPU.Build.0 = Debug|Any CPU
		{D10F3FE4-866E-4084-8EA6-20D9310A6EEE}.Release|Any CPU.ActiveCfg = Release|Any CPU
		{D10F3FE4-866E-4084-8EA6-20D9310A6EEE}.Release|Any CPU.Build.0 = Release|Any CPU
		{0A5FCC04-BCA5-4103-98FE-73813DED9799}.Debug|Any CPU.ActiveCfg = Debug|Any CPU
		{0A5FCC04-BCA5-4103-98FE-73813DED9799}.Debug|Any CPU.Build.0 = Debug|Any CPU
		{0A5FCC04-BCA5-4103-98FE-73813DED9799}.Release|Any CPU.ActiveCfg = Release|Any CPU
		{0A5FCC04-BCA5-4103-98FE-73813DED9799}.Release|Any CPU.Build.0 = Release|Any CPU
		{276A9679-BB69-4CA2-9D77-743600949FE1}.Debug|Any CPU.ActiveCfg = Debug|Any CPU
		{276A9679-BB69-4CA2-9D77-743600949FE1}.Debug|Any CPU.Build.0 = Debug|Any CPU
		{276A9679-BB69-4CA2-9D77-743600949FE1}.Release|Any CPU.ActiveCfg = Release|Any CPU
		{276A9679-BB69-4CA2-9D77-743600949FE1}.Release|Any CPU.Build.0 = Release|Any CPU
	EndGlobalSection
EndGlobal
